
Microsoft Visual Studio Solution File, Format Version 12.00
# Visual Studio 15
VisualStudioVersion = 15.0.25920.0
MinimumVisualStudioVersion = 10.0.40219.1
Project("{FAE04EC0-301F-11D3-BF4B-00C04F79EFBC}") = "APSA.IOS", "APSA.IOS\APSA.IOS.csproj", "{2D11325D-8710-4DF1-94A7-2C7B54DF364B}"
EndProject
Project("{FAE04EC0-301F-11D3-BF4B-00C04F79EFBC}") = "APSA.UWP", "APSA.UWP\APSA.UWP.csproj", "{706C3570-B0BB-475B-A5C9-1C7C8CEAC274}"
EndProject
Project("{FAE04EC0-301F-11D3-BF4B-00C04F79EFBC}") = "APSA.WebUI", "APSA.WebUI\APSA.WebUI.csproj", "{B789FC2D-C151-4EED-8B92-C45DD080BAE1}"
EndProject
Project("{D954291E-2A0B-460D-934E-DC6B0785DB48}") = "APSA.Shared", "APSA.Shared\APSA.Shared.shproj", "{8E3FF62D-E39C-41BE-83BC-ABA6DB2C50A8}"
EndProject
Project("{FAE04EC0-301F-11D3-BF4B-00C04F79EFBC}") = "APSA.Domain", "APSA.Domain\APSA.Domain.csproj", "{234EF04A-50B1-4111-8201-41AA150D50C3}"
EndProject
Project("{FAE04EC0-301F-11D3-BF4B-00C04F79EFBC}") = "APSA.WinForms", "APSA.WinForms\APSA.WinForms.csproj", "{AC92A0CF-02C3-410E-BE9F-EEBBB47E8EBF}"
EndProject
Project("{FAE04EC0-301F-11D3-BF4B-00C04F79EFBC}") = "APSA.Portable", "APSA.Portable\APSA.Portable.csproj", "{C52C1320-813D-4F60-83EB-FECB5893B078}"
EndProject
Project("{FAE04EC0-301F-11D3-BF4B-00C04F79EFBC}") = "APSA.Droid", "APSA.Droid\APSA.Droid.csproj", "{F87F0A13-E8EC-4017-A52D-8F2E73D92FA5}"
EndProject
Global
	GlobalSection(SharedMSBuildProjectFiles) = preSolution
		APSA.Shared\APSA.Shared.projitems*{8e3ff62d-e39c-41be-83bc-aba6db2c50a8}*SharedItemsImports = 13
	EndGlobalSection
	GlobalSection(SolutionConfigurationPlatforms) = preSolution
		Ad-Hoc|Any CPU = Ad-Hoc|Any CPU
		Ad-Hoc|ARM = Ad-Hoc|ARM
		Ad-Hoc|iPhone = Ad-Hoc|iPhone
		Ad-Hoc|iPhoneSimulator = Ad-Hoc|iPhoneSimulator
		Ad-Hoc|x64 = Ad-Hoc|x64
		Ad-Hoc|x86 = Ad-Hoc|x86
		AppStore|Any CPU = AppStore|Any CPU
		AppStore|ARM = AppStore|ARM
		AppStore|iPhone = AppStore|iPhone
		AppStore|iPhoneSimulator = AppStore|iPhoneSimulator
		AppStore|x64 = AppStore|x64
		AppStore|x86 = AppStore|x86
		Debug|Any CPU = Debug|Any CPU
		Debug|ARM = Debug|ARM
		Debug|iPhone = Debug|iPhone
		Debug|iPhoneSimulator = Debug|iPhoneSimulator
		Debug|x64 = Debug|x64
		Debug|x86 = Debug|x86
		Release|Any CPU = Release|Any CPU
		Release|ARM = Release|ARM
		Release|iPhone = Release|iPhone
		Release|iPhoneSimulator = Release|iPhoneSimulator
		Release|x64 = Release|x64
		Release|x86 = Release|x86
	EndGlobalSection
	GlobalSection(ProjectConfigurationPlatforms) = postSolution
		{2D11325D-8710-4DF1-94A7-2C7B54DF364B}.Ad-Hoc|Any CPU.ActiveCfg = Ad-Hoc|iPhone
		{2D11325D-8710-4DF1-94A7-2C7B54DF364B}.Ad-Hoc|ARM.ActiveCfg = Ad-Hoc|iPhone
		{2D11325D-8710-4DF1-94A7-2C7B54DF364B}.Ad-Hoc|iPhone.ActiveCfg = Ad-Hoc|iPhone
		{2D11325D-8710-4DF1-94A7-2C7B54DF364B}.Ad-Hoc|iPhone.Build.0 = Ad-Hoc|iPhone
		{2D11325D-8710-4DF1-94A7-2C7B54DF364B}.Ad-Hoc|iPhoneSimulator.ActiveCfg = Ad-Hoc|iPhoneSimulator
		{2D11325D-8710-4DF1-94A7-2C7B54DF364B}.Ad-Hoc|iPhoneSimulator.Build.0 = Ad-Hoc|iPhoneSimulator
		{2D11325D-8710-4DF1-94A7-2C7B54DF364B}.Ad-Hoc|x64.ActiveCfg = Ad-Hoc|iPhone
		{2D11325D-8710-4DF1-94A7-2C7B54DF364B}.Ad-Hoc|x86.ActiveCfg = Ad-Hoc|iPhone
		{2D11325D-8710-4DF1-94A7-2C7B54DF364B}.AppStore|Any CPU.ActiveCfg = AppStore|iPhone
		{2D11325D-8710-4DF1-94A7-2C7B54DF364B}.AppStore|ARM.ActiveCfg = AppStore|iPhone
		{2D11325D-8710-4DF1-94A7-2C7B54DF364B}.AppStore|iPhone.ActiveCfg = AppStore|iPhone
		{2D11325D-8710-4DF1-94A7-2C7B54DF364B}.AppStore|iPhone.Build.0 = AppStore|iPhone
		{2D11325D-8710-4DF1-94A7-2C7B54DF364B}.AppStore|iPhoneSimulator.ActiveCfg = AppStore|iPhoneSimulator
		{2D11325D-8710-4DF1-94A7-2C7B54DF364B}.AppStore|iPhoneSimulator.Build.0 = AppStore|iPhoneSimulator
		{2D11325D-8710-4DF1-94A7-2C7B54DF364B}.AppStore|x64.ActiveCfg = AppStore|iPhone
		{2D11325D-8710-4DF1-94A7-2C7B54DF364B}.AppStore|x86.ActiveCfg = AppStore|iPhone
		{2D11325D-8710-4DF1-94A7-2C7B54DF364B}.Debug|Any CPU.ActiveCfg = Debug|iPhone
		{2D11325D-8710-4DF1-94A7-2C7B54DF364B}.Debug|ARM.ActiveCfg = Debug|iPhone
		{2D11325D-8710-4DF1-94A7-2C7B54DF364B}.Debug|iPhone.ActiveCfg = Debug|iPhone
		{2D11325D-8710-4DF1-94A7-2C7B54DF364B}.Debug|iPhone.Build.0 = Debug|iPhone
		{2D11325D-8710-4DF1-94A7-2C7B54DF364B}.Debug|iPhoneSimulator.ActiveCfg = Debug|iPhoneSimulator
		{2D11325D-8710-4DF1-94A7-2C7B54DF364B}.Debug|iPhoneSimulator.Build.0 = Debug|iPhoneSimulator
		{2D11325D-8710-4DF1-94A7-2C7B54DF364B}.Debug|x64.ActiveCfg = Debug|iPhone
		{2D11325D-8710-4DF1-94A7-2C7B54DF364B}.Debug|x86.ActiveCfg = Debug|iPhone
		{2D11325D-8710-4DF1-94A7-2C7B54DF364B}.Release|Any CPU.ActiveCfg = Release|iPhone
		{2D11325D-8710-4DF1-94A7-2C7B54DF364B}.Release|ARM.ActiveCfg = Release|iPhone
		{2D11325D-8710-4DF1-94A7-2C7B54DF364B}.Release|iPhone.ActiveCfg = Release|iPhone
		{2D11325D-8710-4DF1-94A7-2C7B54DF364B}.Release|iPhone.Build.0 = Release|iPhone
		{2D11325D-8710-4DF1-94A7-2C7B54DF364B}.Release|iPhoneSimulator.ActiveCfg = Release|iPhoneSimulator
		{2D11325D-8710-4DF1-94A7-2C7B54DF364B}.Release|iPhoneSimulator.Build.0 = Release|iPhoneSimulator
		{2D11325D-8710-4DF1-94A7-2C7B54DF364B}.Release|x64.ActiveCfg = Release|iPhone
		{2D11325D-8710-4DF1-94A7-2C7B54DF364B}.Release|x86.ActiveCfg = Release|iPhone
		{706C3570-B0BB-475B-A5C9-1C7C8CEAC274}.Ad-Hoc|Any CPU.ActiveCfg = Release|x64
		{706C3570-B0BB-475B-A5C9-1C7C8CEAC274}.Ad-Hoc|Any CPU.Build.0 = Release|x64
		{706C3570-B0BB-475B-A5C9-1C7C8CEAC274}.Ad-Hoc|Any CPU.Deploy.0 = Release|x64
		{706C3570-B0BB-475B-A5C9-1C7C8CEAC274}.Ad-Hoc|ARM.ActiveCfg = Release|ARM
		{706C3570-B0BB-475B-A5C9-1C7C8CEAC274}.Ad-Hoc|ARM.Build.0 = Release|ARM
		{706C3570-B0BB-475B-A5C9-1C7C8CEAC274}.Ad-Hoc|ARM.Deploy.0 = Release|ARM
		{706C3570-B0BB-475B-A5C9-1C7C8CEAC274}.Ad-Hoc|iPhone.ActiveCfg = Release|x64
		{706C3570-B0BB-475B-A5C9-1C7C8CEAC274}.Ad-Hoc|iPhone.Build.0 = Release|x64
		{706C3570-B0BB-475B-A5C9-1C7C8CEAC274}.Ad-Hoc|iPhone.Deploy.0 = Release|x64
		{706C3570-B0BB-475B-A5C9-1C7C8CEAC274}.Ad-Hoc|iPhoneSimulator.ActiveCfg = Release|x64
		{706C3570-B0BB-475B-A5C9-1C7C8CEAC274}.Ad-Hoc|iPhoneSimulator.Build.0 = Release|x64
		{706C3570-B0BB-475B-A5C9-1C7C8CEAC274}.Ad-Hoc|iPhoneSimulator.Deploy.0 = Release|x64
		{706C3570-B0BB-475B-A5C9-1C7C8CEAC274}.Ad-Hoc|x64.ActiveCfg = Release|x64
		{706C3570-B0BB-475B-A5C9-1C7C8CEAC274}.Ad-Hoc|x64.Build.0 = Release|x64
		{706C3570-B0BB-475B-A5C9-1C7C8CEAC274}.Ad-Hoc|x64.Deploy.0 = Release|x64
		{706C3570-B0BB-475B-A5C9-1C7C8CEAC274}.Ad-Hoc|x86.ActiveCfg = Release|x86
		{706C3570-B0BB-475B-A5C9-1C7C8CEAC274}.Ad-Hoc|x86.Build.0 = Release|x86
		{706C3570-B0BB-475B-A5C9-1C7C8CEAC274}.Ad-Hoc|x86.Deploy.0 = Release|x86
		{706C3570-B0BB-475B-A5C9-1C7C8CEAC274}.AppStore|Any CPU.ActiveCfg = Release|x64
		{706C3570-B0BB-475B-A5C9-1C7C8CEAC274}.AppStore|Any CPU.Build.0 = Release|x64
		{706C3570-B0BB-475B-A5C9-1C7C8CEAC274}.AppStore|Any CPU.Deploy.0 = Release|x64
		{706C3570-B0BB-475B-A5C9-1C7C8CEAC274}.AppStore|ARM.ActiveCfg = Release|ARM
		{706C3570-B0BB-475B-A5C9-1C7C8CEAC274}.AppStore|ARM.Build.0 = Release|ARM
		{706C3570-B0BB-475B-A5C9-1C7C8CEAC274}.AppStore|ARM.Deploy.0 = Release|ARM
		{706C3570-B0BB-475B-A5C9-1C7C8CEAC274}.AppStore|iPhone.ActiveCfg = Release|x64
		{706C3570-B0BB-475B-A5C9-1C7C8CEAC274}.AppStore|iPhone.Build.0 = Release|x64
		{706C3570-B0BB-475B-A5C9-1C7C8CEAC274}.AppStore|iPhone.Deploy.0 = Release|x64
		{706C3570-B0BB-475B-A5C9-1C7C8CEAC274}.AppStore|iPhoneSimulator.ActiveCfg = Release|x64
		{706C3570-B0BB-475B-A5C9-1C7C8CEAC274}.AppStore|iPhoneSimulator.Build.0 = Release|x64
		{706C3570-B0BB-475B-A5C9-1C7C8CEAC274}.AppStore|iPhoneSimulator.Deploy.0 = Release|x64
		{706C3570-B0BB-475B-A5C9-1C7C8CEAC274}.AppStore|x64.ActiveCfg = Release|x64
		{706C3570-B0BB-475B-A5C9-1C7C8CEAC274}.AppStore|x64.Build.0 = Release|x64
		{706C3570-B0BB-475B-A5C9-1C7C8CEAC274}.AppStore|x64.Deploy.0 = Release|x64
		{706C3570-B0BB-475B-A5C9-1C7C8CEAC274}.AppStore|x86.ActiveCfg = Release|x86
		{706C3570-B0BB-475B-A5C9-1C7C8CEAC274}.AppStore|x86.Build.0 = Release|x86
		{706C3570-B0BB-475B-A5C9-1C7C8CEAC274}.AppStore|x86.Deploy.0 = Release|x86
		{706C3570-B0BB-475B-A5C9-1C7C8CEAC274}.Debug|Any CPU.ActiveCfg = Debug|x86
		{706C3570-B0BB-475B-A5C9-1C7C8CEAC274}.Debug|ARM.ActiveCfg = Debug|ARM
		{706C3570-B0BB-475B-A5C9-1C7C8CEAC274}.Debug|ARM.Build.0 = Debug|ARM
		{706C3570-B0BB-475B-A5C9-1C7C8CEAC274}.Debug|ARM.Deploy.0 = Debug|ARM
		{706C3570-B0BB-475B-A5C9-1C7C8CEAC274}.Debug|iPhone.ActiveCfg = Debug|x86
		{706C3570-B0BB-475B-A5C9-1C7C8CEAC274}.Debug|iPhone.Build.0 = Debug|x86
		{706C3570-B0BB-475B-A5C9-1C7C8CEAC274}.Debug|iPhone.Deploy.0 = Debug|x86
		{706C3570-B0BB-475B-A5C9-1C7C8CEAC274}.Debug|iPhoneSimulator.ActiveCfg = Debug|x86
		{706C3570-B0BB-475B-A5C9-1C7C8CEAC274}.Debug|x64.ActiveCfg = Debug|x64
		{706C3570-B0BB-475B-A5C9-1C7C8CEAC274}.Debug|x64.Build.0 = Debug|x64
		{706C3570-B0BB-475B-A5C9-1C7C8CEAC274}.Debug|x64.Deploy.0 = Debug|x64
		{706C3570-B0BB-475B-A5C9-1C7C8CEAC274}.Debug|x86.ActiveCfg = Debug|x86
		{706C3570-B0BB-475B-A5C9-1C7C8CEAC274}.Debug|x86.Build.0 = Debug|x86
		{706C3570-B0BB-475B-A5C9-1C7C8CEAC274}.Debug|x86.Deploy.0 = Debug|x86
		{706C3570-B0BB-475B-A5C9-1C7C8CEAC274}.Release|Any CPU.ActiveCfg = Release|x86
		{706C3570-B0BB-475B-A5C9-1C7C8CEAC274}.Release|ARM.ActiveCfg = Release|ARM
		{706C3570-B0BB-475B-A5C9-1C7C8CEAC274}.Release|ARM.Build.0 = Release|ARM
		{706C3570-B0BB-475B-A5C9-1C7C8CEAC274}.Release|ARM.Deploy.0 = Release|ARM
		{706C3570-B0BB-475B-A5C9-1C7C8CEAC274}.Release|iPhone.ActiveCfg = Release|x86
		{706C3570-B0BB-475B-A5C9-1C7C8CEAC274}.Release|iPhoneSimulator.ActiveCfg = Release|x86
		{706C3570-B0BB-475B-A5C9-1C7C8CEAC274}.Release|x64.ActiveCfg = Release|x64
		{706C3570-B0BB-475B-A5C9-1C7C8CEAC274}.Release|x64.Build.0 = Release|x64
		{706C3570-B0BB-475B-A5C9-1C7C8CEAC274}.Release|x64.Deploy.0 = Release|x64
		{706C3570-B0BB-475B-A5C9-1C7C8CEAC274}.Release|x86.ActiveCfg = Release|x86
		{706C3570-B0BB-475B-A5C9-1C7C8CEAC274}.Release|x86.Build.0 = Release|x86
		{706C3570-B0BB-475B-A5C9-1C7C8CEAC274}.Release|x86.Deploy.0 = Release|x86
		{B789FC2D-C151-4EED-8B92-C45DD080BAE1}.Ad-Hoc|Any CPU.ActiveCfg = Release|Any CPU
		{B789FC2D-C151-4EED-8B92-C45DD080BAE1}.Ad-Hoc|Any CPU.Build.0 = Release|Any CPU
		{B789FC2D-C151-4EED-8B92-C45DD080BAE1}.Ad-Hoc|ARM.ActiveCfg = Release|Any CPU
		{B789FC2D-C151-4EED-8B92-C45DD080BAE1}.Ad-Hoc|ARM.Build.0 = Release|Any CPU
		{B789FC2D-C151-4EED-8B92-C45DD080BAE1}.Ad-Hoc|iPhone.ActiveCfg = Release|Any CPU
		{B789FC2D-C151-4EED-8B92-C45DD080BAE1}.Ad-Hoc|iPhone.Build.0 = Release|Any CPU
		{B789FC2D-C151-4EED-8B92-C45DD080BAE1}.Ad-Hoc|iPhoneSimulator.ActiveCfg = Release|Any CPU
		{B789FC2D-C151-4EED-8B92-C45DD080BAE1}.Ad-Hoc|iPhoneSimulator.Build.0 = Release|Any CPU
		{B789FC2D-C151-4EED-8B92-C45DD080BAE1}.Ad-Hoc|x64.ActiveCfg = Release|Any CPU
		{B789FC2D-C151-4EED-8B92-C45DD080BAE1}.Ad-Hoc|x64.Build.0 = Release|Any CPU
		{B789FC2D-C151-4EED-8B92-C45DD080BAE1}.Ad-Hoc|x86.ActiveCfg = Release|Any CPU
		{B789FC2D-C151-4EED-8B92-C45DD080BAE1}.Ad-Hoc|x86.Build.0 = Release|Any CPU
		{B789FC2D-C151-4EED-8B92-C45DD080BAE1}.AppStore|Any CPU.ActiveCfg = Release|Any CPU
		{B789FC2D-C151-4EED-8B92-C45DD080BAE1}.AppStore|Any CPU.Build.0 = Release|Any CPU
		{B789FC2D-C151-4EED-8B92-C45DD080BAE1}.AppStore|ARM.ActiveCfg = Release|Any CPU
		{B789FC2D-C151-4EED-8B92-C45DD080BAE1}.AppStore|ARM.Build.0 = Release|Any CPU
		{B789FC2D-C151-4EED-8B92-C45DD080BAE1}.AppStore|iPhone.ActiveCfg = Release|Any CPU
		{B789FC2D-C151-4EED-8B92-C45DD080BAE1}.AppStore|iPhone.Build.0 = Release|Any CPU
		{B789FC2D-C151-4EED-8B92-C45DD080BAE1}.AppStore|iPhoneSimulator.ActiveCfg = Release|Any CPU
		{B789FC2D-C151-4EED-8B92-C45DD080BAE1}.AppStore|iPhoneSimulator.Build.0 = Release|Any CPU
		{B789FC2D-C151-4EED-8B92-C45DD080BAE1}.AppStore|x64.ActiveCfg = Release|Any CPU
		{B789FC2D-C151-4EED-8B92-C45DD080BAE1}.AppStore|x64.Build.0 = Release|Any CPU
		{B789FC2D-C151-4EED-8B92-C45DD080BAE1}.AppStore|x86.ActiveCfg = Release|Any CPU
		{B789FC2D-C151-4EED-8B92-C45DD080BAE1}.AppStore|x86.Build.0 = Release|Any CPU
		{B789FC2D-C151-4EED-8B92-C45DD080BAE1}.Debug|Any CPU.ActiveCfg = Debug|Any CPU
		{B789FC2D-C151-4EED-8B92-C45DD080BAE1}.Debug|Any CPU.Build.0 = Debug|Any CPU
		{B789FC2D-C151-4EED-8B92-C45DD080BAE1}.Debug|ARM.ActiveCfg = Debug|Any CPU
		{B789FC2D-C151-4EED-8B92-C45DD080BAE1}.Debug|ARM.Build.0 = Debug|Any CPU
		{B789FC2D-C151-4EED-8B92-C45DD080BAE1}.Debug|iPhone.ActiveCfg = Debug|Any CPU
		{B789FC2D-C151-4EED-8B92-C45DD080BAE1}.Debug|iPhone.Build.0 = Debug|Any CPU
		{B789FC2D-C151-4EED-8B92-C45DD080BAE1}.Debug|iPhoneSimulator.ActiveCfg = Debug|Any CPU
		{B789FC2D-C151-4EED-8B92-C45DD080BAE1}.Debug|iPhoneSimulator.Build.0 = Debug|Any CPU
		{B789FC2D-C151-4EED-8B92-C45DD080BAE1}.Debug|x64.ActiveCfg = Debug|Any CPU
		{B789FC2D-C151-4EED-8B92-C45DD080BAE1}.Debug|x64.Build.0 = Debug|Any CPU
		{B789FC2D-C151-4EED-8B92-C45DD080BAE1}.Debug|x86.ActiveCfg = Debug|Any CPU
		{B789FC2D-C151-4EED-8B92-C45DD080BAE1}.Debug|x86.Build.0 = Debug|Any CPU
		{B789FC2D-C151-4EED-8B92-C45DD080BAE1}.Release|Any CPU.ActiveCfg = Release|Any CPU
		{B789FC2D-C151-4EED-8B92-C45DD080BAE1}.Release|Any CPU.Build.0 = Release|Any CPU
		{B789FC2D-C151-4EED-8B92-C45DD080BAE1}.Release|ARM.ActiveCfg = Release|Any CPU
		{B789FC2D-C151-4EED-8B92-C45DD080BAE1}.Release|ARM.Build.0 = Release|Any CPU
		{B789FC2D-C151-4EED-8B92-C45DD080BAE1}.Release|iPhone.ActiveCfg = Release|Any CPU
		{B789FC2D-C151-4EED-8B92-C45DD080BAE1}.Release|iPhone.Build.0 = Release|Any CPU
		{B789FC2D-C151-4EED-8B92-C45DD080BAE1}.Release|iPhoneSimulator.ActiveCfg = Release|Any CPU
		{B789FC2D-C151-4EED-8B92-C45DD080BAE1}.Release|iPhoneSimulator.Build.0 = Release|Any CPU
		{B789FC2D-C151-4EED-8B92-C45DD080BAE1}.Release|x64.ActiveCfg = Release|Any CPU
		{B789FC2D-C151-4EED-8B92-C45DD080BAE1}.Release|x64.Build.0 = Release|Any CPU
		{B789FC2D-C151-4EED-8B92-C45DD080BAE1}.Release|x86.ActiveCfg = Release|Any CPU
		{B789FC2D-C151-4EED-8B92-C45DD080BAE1}.Release|x86.Build.0 = Release|Any CPU
		{234EF04A-50B1-4111-8201-41AA150D50C3}.Ad-Hoc|Any CPU.ActiveCfg = Release|Any CPU
		{234EF04A-50B1-4111-8201-41AA150D50C3}.Ad-Hoc|Any CPU.Build.0 = Release|Any CPU
		{234EF04A-50B1-4111-8201-41AA150D50C3}.Ad-Hoc|ARM.ActiveCfg = Release|Any CPU
		{234EF04A-50B1-4111-8201-41AA150D50C3}.Ad-Hoc|ARM.Build.0 = Release|Any CPU
		{234EF04A-50B1-4111-8201-41AA150D50C3}.Ad-Hoc|iPhone.ActiveCfg = Release|Any CPU
		{234EF04A-50B1-4111-8201-41AA150D50C3}.Ad-Hoc|iPhone.Build.0 = Release|Any CPU
		{234EF04A-50B1-4111-8201-41AA150D50C3}.Ad-Hoc|iPhoneSimulator.ActiveCfg = Release|Any CPU
		{234EF04A-50B1-4111-8201-41AA150D50C3}.Ad-Hoc|iPhoneSimulator.Build.0 = Release|Any CPU
		{234EF04A-50B1-4111-8201-41AA150D50C3}.Ad-Hoc|x64.ActiveCfg = Release|Any CPU
		{234EF04A-50B1-4111-8201-41AA150D50C3}.Ad-Hoc|x64.Build.0 = Release|Any CPU
		{234EF04A-50B1-4111-8201-41AA150D50C3}.Ad-Hoc|x86.ActiveCfg = Release|Any CPU
		{234EF04A-50B1-4111-8201-41AA150D50C3}.Ad-Hoc|x86.Build.0 = Release|Any CPU
		{234EF04A-50B1-4111-8201-41AA150D50C3}.AppStore|Any CPU.ActiveCfg = Release|Any CPU
		{234EF04A-50B1-4111-8201-41AA150D50C3}.AppStore|Any CPU.Build.0 = Release|Any CPU
		{234EF04A-50B1-4111-8201-41AA150D50C3}.AppStore|ARM.ActiveCfg = Release|Any CPU
		{234EF04A-50B1-4111-8201-41AA150D50C3}.AppStore|ARM.Build.0 = Release|Any CPU
		{234EF04A-50B1-4111-8201-41AA150D50C3}.AppStore|iPhone.ActiveCfg = Release|Any CPU
		{234EF04A-50B1-4111-8201-41AA150D50C3}.AppStore|iPhone.Build.0 = Release|Any CPU
		{234EF04A-50B1-4111-8201-41AA150D50C3}.AppStore|iPhoneSimulator.ActiveCfg = Release|Any CPU
		{234EF04A-50B1-4111-8201-41AA150D50C3}.AppStore|iPhoneSimulator.Build.0 = Release|Any CPU
		{234EF04A-50B1-4111-8201-41AA150D50C3}.AppStore|x64.ActiveCfg = Release|Any CPU
		{234EF04A-50B1-4111-8201-41AA150D50C3}.AppStore|x64.Build.0 = Release|Any CPU
		{234EF04A-50B1-4111-8201-41AA150D50C3}.AppStore|x86.ActiveCfg = Release|Any CPU
		{234EF04A-50B1-4111-8201-41AA150D50C3}.AppStore|x86.Build.0 = Release|Any CPU
		{234EF04A-50B1-4111-8201-41AA150D50C3}.Debug|Any CPU.ActiveCfg = Debug|Any CPU
		{234EF04A-50B1-4111-8201-41AA150D50C3}.Debug|Any CPU.Build.0 = Debug|Any CPU
		{234EF04A-50B1-4111-8201-41AA150D50C3}.Debug|ARM.ActiveCfg = Debug|Any CPU
		{234EF04A-50B1-4111-8201-41AA150D50C3}.Debug|ARM.Build.0 = Debug|Any CPU
		{234EF04A-50B1-4111-8201-41AA150D50C3}.Debug|iPhone.ActiveCfg = Debug|Any CPU
		{234EF04A-50B1-4111-8201-41AA150D50C3}.Debug|iPhone.Build.0 = Debug|Any CPU
		{234EF04A-50B1-4111-8201-41AA150D50C3}.Debug|iPhoneSimulator.ActiveCfg = Debug|Any CPU
		{234EF04A-50B1-4111-8201-41AA150D50C3}.Debug|iPhoneSimulator.Build.0 = Debug|Any CPU
		{234EF04A-50B1-4111-8201-41AA150D50C3}.Debug|x64.ActiveCfg = Debug|Any CPU
		{234EF04A-50B1-4111-8201-41AA150D50C3}.Debug|x64.Build.0 = Debug|Any CPU
		{234EF04A-50B1-4111-8201-41AA150D50C3}.Debug|x86.ActiveCfg = Debug|Any CPU
		{234EF04A-50B1-4111-8201-41AA150D50C3}.Debug|x86.Build.0 = Debug|Any CPU
		{234EF04A-50B1-4111-8201-41AA150D50C3}.Release|Any CPU.ActiveCfg = Release|Any CPU
		{234EF04A-50B1-4111-8201-41AA150D50C3}.Release|Any CPU.Build.0 = Release|Any CPU
		{234EF04A-50B1-4111-8201-41AA150D50C3}.Release|ARM.ActiveCfg = Release|Any CPU
		{234EF04A-50B1-4111-8201-41AA150D50C3}.Release|ARM.Build.0 = Release|Any CPU
		{234EF04A-50B1-4111-8201-41AA150D50C3}.Release|iPhone.ActiveCfg = Release|Any CPU
		{234EF04A-50B1-4111-8201-41AA150D50C3}.Release|iPhone.Build.0 = Release|Any CPU
		{234EF04A-50B1-4111-8201-41AA150D50C3}.Release|iPhoneSimulator.ActiveCfg = Release|Any CPU
		{234EF04A-50B1-4111-8201-41AA150D50C3}.Release|iPhoneSimulator.Build.0 = Release|Any CPU
		{234EF04A-50B1-4111-8201-41AA150D50C3}.Release|x64.ActiveCfg = Release|Any CPU
		{234EF04A-50B1-4111-8201-41AA150D50C3}.Release|x64.Build.0 = Release|Any CPU
		{234EF04A-50B1-4111-8201-41AA150D50C3}.Release|x86.ActiveCfg = Release|Any CPU
		{234EF04A-50B1-4111-8201-41AA150D50C3}.Release|x86.Build.0 = Release|Any CPU
		{AC92A0CF-02C3-410E-BE9F-EEBBB47E8EBF}.Ad-Hoc|Any CPU.ActiveCfg = Release|Any CPU
		{AC92A0CF-02C3-410E-BE9F-EEBBB47E8EBF}.Ad-Hoc|Any CPU.Build.0 = Release|Any CPU
		{AC92A0CF-02C3-410E-BE9F-EEBBB47E8EBF}.Ad-Hoc|ARM.ActiveCfg = Release|Any CPU
		{AC92A0CF-02C3-410E-BE9F-EEBBB47E8EBF}.Ad-Hoc|ARM.Build.0 = Release|Any CPU
		{AC92A0CF-02C3-410E-BE9F-EEBBB47E8EBF}.Ad-Hoc|iPhone.ActiveCfg = Release|Any CPU
		{AC92A0CF-02C3-410E-BE9F-EEBBB47E8EBF}.Ad-Hoc|iPhone.Build.0 = Release|Any CPU
		{AC92A0CF-02C3-410E-BE9F-EEBBB47E8EBF}.Ad-Hoc|iPhoneSimulator.ActiveCfg = Release|Any CPU
		{AC92A0CF-02C3-410E-BE9F-EEBBB47E8EBF}.Ad-Hoc|iPhoneSimulator.Build.0 = Release|Any CPU
		{AC92A0CF-02C3-410E-BE9F-EEBBB47E8EBF}.Ad-Hoc|x64.ActiveCfg = Release|Any CPU
		{AC92A0CF-02C3-410E-BE9F-EEBBB47E8EBF}.Ad-Hoc|x64.Build.0 = Release|Any CPU
		{AC92A0CF-02C3-410E-BE9F-EEBBB47E8EBF}.Ad-Hoc|x86.ActiveCfg = Release|Any CPU
		{AC92A0CF-02C3-410E-BE9F-EEBBB47E8EBF}.Ad-Hoc|x86.Build.0 = Release|Any CPU
		{AC92A0CF-02C3-410E-BE9F-EEBBB47E8EBF}.AppStore|Any CPU.ActiveCfg = Release|Any CPU
		{AC92A0CF-02C3-410E-BE9F-EEBBB47E8EBF}.AppStore|Any CPU.Build.0 = Release|Any CPU
		{AC92A0CF-02C3-410E-BE9F-EEBBB47E8EBF}.AppStore|ARM.ActiveCfg = Release|Any CPU
		{AC92A0CF-02C3-410E-BE9F-EEBBB47E8EBF}.AppStore|ARM.Build.0 = Release|Any CPU
		{AC92A0CF-02C3-410E-BE9F-EEBBB47E8EBF}.AppStore|iPhone.ActiveCfg = Release|Any CPU
		{AC92A0CF-02C3-410E-BE9F-EEBBB47E8EBF}.AppStore|iPhone.Build.0 = Release|Any CPU
		{AC92A0CF-02C3-410E-BE9F-EEBBB47E8EBF}.AppStore|iPhoneSimulator.ActiveCfg = Release|Any CPU
		{AC92A0CF-02C3-410E-BE9F-EEBBB47E8EBF}.AppStore|iPhoneSimulator.Build.0 = Release|Any CPU
		{AC92A0CF-02C3-410E-BE9F-EEBBB47E8EBF}.AppStore|x64.ActiveCfg = Release|Any CPU
		{AC92A0CF-02C3-410E-BE9F-EEBBB47E8EBF}.AppStore|x64.Build.0 = Release|Any CPU
		{AC92A0CF-02C3-410E-BE9F-EEBBB47E8EBF}.AppStore|x86.ActiveCfg = Release|Any CPU
		{AC92A0CF-02C3-410E-BE9F-EEBBB47E8EBF}.AppStore|x86.Build.0 = Release|Any CPU
		{AC92A0CF-02C3-410E-BE9F-EEBBB47E8EBF}.Debug|Any CPU.ActiveCfg = Debug|Any CPU
		{AC92A0CF-02C3-410E-BE9F-EEBBB47E8EBF}.Debug|Any CPU.Build.0 = Debug|Any CPU
		{AC92A0CF-02C3-410E-BE9F-EEBBB47E8EBF}.Debug|ARM.ActiveCfg = Debug|Any CPU
		{AC92A0CF-02C3-410E-BE9F-EEBBB47E8EBF}.Debug|ARM.Build.0 = Debug|Any CPU
		{AC92A0CF-02C3-410E-BE9F-EEBBB47E8EBF}.Debug|iPhone.ActiveCfg = Debug|Any CPU
		{AC92A0CF-02C3-410E-BE9F-EEBBB47E8EBF}.Debug|iPhone.Build.0 = Debug|Any CPU
		{AC92A0CF-02C3-410E-BE9F-EEBBB47E8EBF}.Debug|iPhoneSimulator.ActiveCfg = Debug|Any CPU
		{AC92A0CF-02C3-410E-BE9F-EEBBB47E8EBF}.Debug|iPhoneSimulator.Build.0 = Debug|Any CPU
		{AC92A0CF-02C3-410E-BE9F-EEBBB47E8EBF}.Debug|x64.ActiveCfg = Debug|Any CPU
		{AC92A0CF-02C3-410E-BE9F-EEBBB47E8EBF}.Debug|x64.Build.0 = Debug|Any CPU
		{AC92A0CF-02C3-410E-BE9F-EEBBB47E8EBF}.Debug|x86.ActiveCfg = Debug|Any CPU
		{AC92A0CF-02C3-410E-BE9F-EEBBB47E8EBF}.Debug|x86.Build.0 = Debug|Any CPU
		{AC92A0CF-02C3-410E-BE9F-EEBBB47E8EBF}.Release|Any CPU.ActiveCfg = Release|Any CPU
		{AC92A0CF-02C3-410E-BE9F-EEBBB47E8EBF}.Release|Any CPU.Build.0 = Release|Any CPU
		{AC92A0CF-02C3-410E-BE9F-EEBBB47E8EBF}.Release|ARM.ActiveCfg = Release|Any CPU
		{AC92A0CF-02C3-410E-BE9F-EEBBB47E8EBF}.Release|ARM.Build.0 = Release|Any CPU
		{AC92A0CF-02C3-410E-BE9F-EEBBB47E8EBF}.Release|iPhone.ActiveCfg = Release|Any CPU
		{AC92A0CF-02C3-410E-BE9F-EEBBB47E8EBF}.Release|iPhone.Build.0 = Release|Any CPU
		{AC92A0CF-02C3-410E-BE9F-EEBBB47E8EBF}.Release|iPhoneSimulator.ActiveCfg = Release|Any CPU
		{AC92A0CF-02C3-410E-BE9F-EEBBB47E8EBF}.Release|iPhoneSimulator.Build.0 = Release|Any CPU
		{AC92A0CF-02C3-410E-BE9F-EEBBB47E8EBF}.Release|x64.ActiveCfg = Release|Any CPU
		{AC92A0CF-02C3-410E-BE9F-EEBBB47E8EBF}.Release|x64.Build.0 = Release|Any CPU
		{AC92A0CF-02C3-410E-BE9F-EEBBB47E8EBF}.Release|x86.ActiveCfg = Release|Any CPU
		{AC92A0CF-02C3-410E-BE9F-EEBBB47E8EBF}.Release|x86.Build.0 = Release|Any CPU
		{C52C1320-813D-4F60-83EB-FECB5893B078}.Ad-Hoc|Any CPU.ActiveCfg = Release|Any CPU
		{C52C1320-813D-4F60-83EB-FECB5893B078}.Ad-Hoc|Any CPU.Build.0 = Release|Any CPU
		{C52C1320-813D-4F60-83EB-FECB5893B078}.Ad-Hoc|ARM.ActiveCfg = Release|Any CPU
		{C52C1320-813D-4F60-83EB-FECB5893B078}.Ad-Hoc|ARM.Build.0 = Release|Any CPU
		{C52C1320-813D-4F60-83EB-FECB5893B078}.Ad-Hoc|iPhone.ActiveCfg = Release|Any CPU
		{C52C1320-813D-4F60-83EB-FECB5893B078}.Ad-Hoc|iPhone.Build.0 = Release|Any CPU
		{C52C1320-813D-4F60-83EB-FECB5893B078}.Ad-Hoc|iPhoneSimulator.ActiveCfg = Release|Any CPU
		{C52C1320-813D-4F60-83EB-FECB5893B078}.Ad-Hoc|iPhoneSimulator.Build.0 = Release|Any CPU
		{C52C1320-813D-4F60-83EB-FECB5893B078}.Ad-Hoc|x64.ActiveCfg = Release|Any CPU
		{C52C1320-813D-4F60-83EB-FECB5893B078}.Ad-Hoc|x64.Build.0 = Release|Any CPU
		{C52C1320-813D-4F60-83EB-FECB5893B078}.Ad-Hoc|x86.ActiveCfg = Release|Any CPU
		{C52C1320-813D-4F60-83EB-FECB5893B078}.Ad-Hoc|x86.Build.0 = Release|Any CPU
		{C52C1320-813D-4F60-83EB-FECB5893B078}.AppStore|Any CPU.ActiveCfg = Release|Any CPU
		{C52C1320-813D-4F60-83EB-FECB5893B078}.AppStore|Any CPU.Build.0 = Release|Any CPU
		{C52C1320-813D-4F60-83EB-FECB5893B078}.AppStore|ARM.ActiveCfg = Release|Any CPU
		{C52C1320-813D-4F60-83EB-FECB5893B078}.AppStore|ARM.Build.0 = Release|Any CPU
		{C52C1320-813D-4F60-83EB-FECB5893B078}.AppStore|iPhone.ActiveCfg = Release|Any CPU
		{C52C1320-813D-4F60-83EB-FECB5893B078}.AppStore|iPhone.Build.0 = Release|Any CPU
		{C52C1320-813D-4F60-83EB-FECB5893B078}.AppStore|iPhoneSimulator.ActiveCfg = Release|Any CPU
		{C52C1320-813D-4F60-83EB-FECB5893B078}.AppStore|iPhoneSimulator.Build.0 = Release|Any CPU
		{C52C1320-813D-4F60-83EB-FECB5893B078}.AppStore|x64.ActiveCfg = Release|Any CPU
		{C52C1320-813D-4F60-83EB-FECB5893B078}.AppStore|x64.Build.0 = Release|Any CPU
		{C52C1320-813D-4F60-83EB-FECB5893B078}.AppStore|x86.ActiveCfg = Release|Any CPU
		{C52C1320-813D-4F60-83EB-FECB5893B078}.AppStore|x86.Build.0 = Release|Any CPU
		{C52C1320-813D-4F60-83EB-FECB5893B078}.Debug|Any CPU.ActiveCfg = Debug|Any CPU
		{C52C1320-813D-4F60-83EB-FECB5893B078}.Debug|Any CPU.Build.0 = Debug|Any CPU
		{C52C1320-813D-4F60-83EB-FECB5893B078}.Debug|ARM.ActiveCfg = Debug|Any CPU
		{C52C1320-813D-4F60-83EB-FECB5893B078}.Debug|ARM.Build.0 = Debug|Any CPU
		{C52C1320-813D-4F60-83EB-FECB5893B078}.Debug|iPhone.ActiveCfg = Debug|Any CPU
		{C52C1320-813D-4F60-83EB-FECB5893B078}.Debug|iPhone.Build.0 = Debug|Any CPU
		{C52C1320-813D-4F60-83EB-FECB5893B078}.Debug|iPhoneSimulator.ActiveCfg = Debug|Any CPU
		{C52C1320-813D-4F60-83EB-FECB5893B078}.Debug|iPhoneSimulator.Build.0 = Debug|Any CPU
		{C52C1320-813D-4F60-83EB-FECB5893B078}.Debug|x64.ActiveCfg = Debug|Any CPU
		{C52C1320-813D-4F60-83EB-FECB5893B078}.Debug|x64.Build.0 = Debug|Any CPU
		{C52C1320-813D-4F60-83EB-FECB5893B078}.Debug|x86.ActiveCfg = Debug|Any CPU
		{C52C1320-813D-4F60-83EB-FECB5893B078}.Debug|x86.Build.0 = Debug|Any CPU
		{C52C1320-813D-4F60-83EB-FECB5893B078}.Release|Any CPU.ActiveCfg = Release|Any CPU
		{C52C1320-813D-4F60-83EB-FECB5893B078}.Release|Any CPU.Build.0 = Release|Any CPU
		{C52C1320-813D-4F60-83EB-FECB5893B078}.Release|ARM.ActiveCfg = Release|Any CPU
		{C52C1320-813D-4F60-83EB-FECB5893B078}.Release|ARM.Build.0 = Release|Any CPU
		{C52C1320-813D-4F60-83EB-FECB5893B078}.Release|iPhone.ActiveCfg = Release|Any CPU
		{C52C1320-813D-4F60-83EB-FECB5893B078}.Release|iPhone.Build.0 = Release|Any CPU
		{C52C1320-813D-4F60-83EB-FECB5893B078}.Release|iPhoneSimulator.ActiveCfg = Release|Any CPU
		{C52C1320-813D-4F60-83EB-FECB5893B078}.Release|iPhoneSimulator.Build.0 = Release|Any CPU
		{C52C1320-813D-4F60-83EB-FECB5893B078}.Release|x64.ActiveCfg = Release|Any CPU
		{C52C1320-813D-4F60-83EB-FECB5893B078}.Release|x64.Build.0 = Release|Any CPU
		{C52C1320-813D-4F60-83EB-FECB5893B078}.Release|x86.ActiveCfg = Release|Any CPU
		{C52C1320-813D-4F60-83EB-FECB5893B078}.Release|x86.Build.0 = Release|Any CPU
		{F87F0A13-E8EC-4017-A52D-8F2E73D92FA5}.Ad-Hoc|Any CPU.ActiveCfg = Release|Any CPU
		{F87F0A13-E8EC-4017-A52D-8F2E73D92FA5}.Ad-Hoc|Any CPU.Build.0 = Release|Any CPU
		{F87F0A13-E8EC-4017-A52D-8F2E73D92FA5}.Ad-Hoc|Any CPU.Deploy.0 = Release|Any CPU
		{F87F0A13-E8EC-4017-A52D-8F2E73D92FA5}.Ad-Hoc|ARM.ActiveCfg = Release|Any CPU
		{F87F0A13-E8EC-4017-A52D-8F2E73D92FA5}.Ad-Hoc|ARM.Build.0 = Release|Any CPU
		{F87F0A13-E8EC-4017-A52D-8F2E73D92FA5}.Ad-Hoc|ARM.Deploy.0 = Release|Any CPU
		{F87F0A13-E8EC-4017-A52D-8F2E73D92FA5}.Ad-Hoc|iPhone.ActiveCfg = Release|Any CPU
		{F87F0A13-E8EC-4017-A52D-8F2E73D92FA5}.Ad-Hoc|iPhone.Build.0 = Release|Any CPU
		{F87F0A13-E8EC-4017-A52D-8F2E73D92FA5}.Ad-Hoc|iPhone.Deploy.0 = Release|Any CPU
		{F87F0A13-E8EC-4017-A52D-8F2E73D92FA5}.Ad-Hoc|iPhoneSimulator.ActiveCfg = Release|Any CPU
		{F87F0A13-E8EC-4017-A52D-8F2E73D92FA5}.Ad-Hoc|iPhoneSimulator.Build.0 = Release|Any CPU
		{F87F0A13-E8EC-4017-A52D-8F2E73D92FA5}.Ad-Hoc|iPhoneSimulator.Deploy.0 = Release|Any CPU
		{F87F0A13-E8EC-4017-A52D-8F2E73D92FA5}.Ad-Hoc|x64.ActiveCfg = Release|Any CPU
		{F87F0A13-E8EC-4017-A52D-8F2E73D92FA5}.Ad-Hoc|x64.Build.0 = Release|Any CPU
		{F87F0A13-E8EC-4017-A52D-8F2E73D92FA5}.Ad-Hoc|x64.Deploy.0 = Release|Any CPU
		{F87F0A13-E8EC-4017-A52D-8F2E73D92FA5}.Ad-Hoc|x86.ActiveCfg = Release|Any CPU
		{F87F0A13-E8EC-4017-A52D-8F2E73D92FA5}.Ad-Hoc|x86.Build.0 = Release|Any CPU
		{F87F0A13-E8EC-4017-A52D-8F2E73D92FA5}.Ad-Hoc|x86.Deploy.0 = Release|Any CPU
		{F87F0A13-E8EC-4017-A52D-8F2E73D92FA5}.AppStore|Any CPU.ActiveCfg = Release|Any CPU
		{F87F0A13-E8EC-4017-A52D-8F2E73D92FA5}.AppStore|Any CPU.Build.0 = Release|Any CPU
		{F87F0A13-E8EC-4017-A52D-8F2E73D92FA5}.AppStore|Any CPU.Deploy.0 = Release|Any CPU
		{F87F0A13-E8EC-4017-A52D-8F2E73D92FA5}.AppStore|ARM.ActiveCfg = Release|Any CPU
		{F87F0A13-E8EC-4017-A52D-8F2E73D92FA5}.AppStore|ARM.Build.0 = Release|Any CPU
		{F87F0A13-E8EC-4017-A52D-8F2E73D92FA5}.AppStore|ARM.Deploy.0 = Release|Any CPU
		{F87F0A13-E8EC-4017-A52D-8F2E73D92FA5}.AppStore|iPhone.ActiveCfg = Release|Any CPU
		{F87F0A13-E8EC-4017-A52D-8F2E73D92FA5}.AppStore|iPhone.Build.0 = Release|Any CPU
		{F87F0A13-E8EC-4017-A52D-8F2E73D92FA5}.AppStore|iPhone.Deploy.0 = Release|Any CPU
		{F87F0A13-E8EC-4017-A52D-8F2E73D92FA5}.AppStore|iPhoneSimulator.ActiveCfg = Release|Any CPU
		{F87F0A13-E8EC-4017-A52D-8F2E73D92FA5}.AppStore|iPhoneSimulator.Build.0 = Release|Any CPU
		{F87F0A13-E8EC-4017-A52D-8F2E73D92FA5}.AppStore|iPhoneSimulator.Deploy.0 = Release|Any CPU
		{F87F0A13-E8EC-4017-A52D-8F2E73D92FA5}.AppStore|x64.ActiveCfg = Release|Any CPU
		{F87F0A13-E8EC-4017-A52D-8F2E73D92FA5}.AppStore|x64.Build.0 = Release|Any CPU
		{F87F0A13-E8EC-4017-A52D-8F2E73D92FA5}.AppStore|x64.Deploy.0 = Release|Any CPU
		{F87F0A13-E8EC-4017-A52D-8F2E73D92FA5}.AppStore|x86.ActiveCfg = Release|Any CPU
		{F87F0A13-E8EC-4017-A52D-8F2E73D92FA5}.AppStore|x86.Build.0 = Release|Any CPU
		{F87F0A13-E8EC-4017-A52D-8F2E73D92FA5}.AppStore|x86.Deploy.0 = Release|Any CPU
		{F87F0A13-E8EC-4017-A52D-8F2E73D92FA5}.Debug|Any CPU.ActiveCfg = Debug|Any CPU
		{F87F0A13-E8EC-4017-A52D-8F2E73D92FA5}.Debug|Any CPU.Build.0 = Debug|Any CPU
		{F87F0A13-E8EC-4017-A52D-8F2E73D92FA5}.Debug|Any CPU.Deploy.0 = Debug|Any CPU
		{F87F0A13-E8EC-4017-A52D-8F2E73D92FA5}.Debug|ARM.ActiveCfg = Debug|Any CPU
		{F87F0A13-E8EC-4017-A52D-8F2E73D92FA5}.Debug|ARM.Build.0 = Debug|Any CPU
		{F87F0A13-E8EC-4017-A52D-8F2E73D92FA5}.Debug|ARM.Deploy.0 = Debug|Any CPU
		{F87F0A13-E8EC-4017-A52D-8F2E73D92FA5}.Debug|iPhone.ActiveCfg = Debug|Any CPU
		{F87F0A13-E8EC-4017-A52D-8F2E73D92FA5}.Debug|iPhone.Build.0 = Debug|Any CPU
		{F87F0A13-E8EC-4017-A52D-8F2E73D92FA5}.Debug|iPhone.Deploy.0 = Debug|Any CPU
		{F87F0A13-E8EC-4017-A52D-8F2E73D92FA5}.Debug|iPhoneSimulator.ActiveCfg = Debug|Any CPU
		{F87F0A13-E8EC-4017-A52D-8F2E73D92FA5}.Debug|iPhoneSimulator.Build.0 = Debug|Any CPU
		{F87F0A13-E8EC-4017-A52D-8F2E73D92FA5}.Debug|iPhoneSimulator.Deploy.0 = Debug|Any CPU
		{F87F0A13-E8EC-4017-A52D-8F2E73D92FA5}.Debug|x64.ActiveCfg = Debug|Any CPU
		{F87F0A13-E8EC-4017-A52D-8F2E73D92FA5}.Debug|x64.Build.0 = Debug|Any CPU
		{F87F0A13-E8EC-4017-A52D-8F2E73D92FA5}.Debug|x64.Deploy.0 = Debug|Any CPU
		{F87F0A13-E8EC-4017-A52D-8F2E73D92FA5}.Debug|x86.ActiveCfg = Debug|Any CPU
		{F87F0A13-E8EC-4017-A52D-8F2E73D92FA5}.Debug|x86.Build.0 = Debug|Any CPU
		{F87F0A13-E8EC-4017-A52D-8F2E73D92FA5}.Debug|x86.Deploy.0 = Debug|Any CPU
		{F87F0A13-E8EC-4017-A52D-8F2E73D92FA5}.Release|Any CPU.ActiveCfg = Release|Any CPU
		{F87F0A13-E8EC-4017-A52D-8F2E73D92FA5}.Release|Any CPU.Build.0 = Release|Any CPU
		{F87F0A13-E8EC-4017-A52D-8F2E73D92FA5}.Release|Any CPU.Deploy.0 = Release|Any CPU
		{F87F0A13-E8EC-4017-A52D-8F2E73D92FA5}.Release|ARM.ActiveCfg = Release|Any CPU
		{F87F0A13-E8EC-4017-A52D-8F2E73D92FA5}.Release|ARM.Build.0 = Release|Any CPU
		{F87F0A13-E8EC-4017-A52D-8F2E73D92FA5}.Release|ARM.Deploy.0 = Release|Any CPU
		{F87F0A13-E8EC-4017-A52D-8F2E73D92FA5}.Release|iPhone.ActiveCfg = Release|Any CPU
		{F87F0A13-E8EC-4017-A52D-8F2E73D92FA5}.Release|iPhone.Build.0 = Release|Any CPU
		{F87F0A13-E8EC-4017-A52D-8F2E73D92FA5}.Release|iPhone.Deploy.0 = Release|Any CPU
		{F87F0A13-E8EC-4017-A52D-8F2E73D92FA5}.Release|iPhoneSimulator.ActiveCfg = Release|Any CPU
		{F87F0A13-E8EC-4017-A52D-8F2E73D92FA5}.Release|iPhoneSimulator.Build.0 = Release|Any CPU
		{F87F0A13-E8EC-4017-A52D-8F2E73D92FA5}.Release|iPhoneSimulator.Deploy.0 = Release|Any CPU
		{F87F0A13-E8EC-4017-A52D-8F2E73D92FA5}.Release|x64.ActiveCfg = Release|Any CPU
		{F87F0A13-E8EC-4017-A52D-8F2E73D92FA5}.Release|x64.Build.0 = Release|Any CPU
		{F87F0A13-E8EC-4017-A52D-8F2E73D92FA5}.Release|x64.Deploy.0 = Release|Any CPU
		{F87F0A13-E8EC-4017-A52D-8F2E73D92FA5}.Release|x86.ActiveCfg = Release|Any CPU
		{F87F0A13-E8EC-4017-A52D-8F2E73D92FA5}.Release|x86.Build.0 = Release|Any CPU
		{F87F0A13-E8EC-4017-A52D-8F2E73D92FA5}.Release|x86.Deploy.0 = Release|Any CPU
	EndGlobalSection
	GlobalSection(SolutionProperties) = preSolution
		HideSolutionNode = FALSE
	EndGlobalSection
EndGlobal
